
Microsoft Visual Studio Solution File, Format Version 12.00
# Visual Studio 2012
Project("{FAE04EC0-301F-11D3-BF4B-00C04F79EFBC}") = "iCareMetro", "iCareMetro\iCareMetro.csproj", "{1A50C497-0996-402C-B610-9FF0E6D56A73}"
EndProject
Project("{FAE04EC0-301F-11D3-BF4B-00C04F79EFBC}") = "iCare.Net", "iCare.Net\iCare.Net.csproj", "{D8CD3E74-8C63-47A7-B140-3636855C6282}"
EndProject
Project("{FAE04EC0-301F-11D3-BF4B-00C04F79EFBC}") = "iCare.Metro.Operation", "iCare.Metro.Operation\iCare.Metro.Operation.csproj", "{E6AB29A0-ADC0-47CF-8C22-FD023B0DBE08}"
EndProject
Project("{FAE04EC0-301F-11D3-BF4B-00C04F79EFBC}") = "iCare.Metro.Model", "iCare.Metro.Model\iCare.Metro.Model.csproj", "{ACE7CB91-F3CB-43C0-8E5B-C03F3B91CCC2}"
EndProject
Project("{FAE04EC0-301F-11D3-BF4B-00C04F79EFBC}") = "iCare.Metro.App", "iCare.Metro.App\iCare.Metro.App.csproj", "{75F686D4-8E76-4A89-9E04-C14CD1490DD8}"
EndProject
Project("{FAE04EC0-301F-11D3-BF4B-00C04F79EFBC}") = "App1", "App1\App1.csproj", "{81AB8068-19E4-49F3-8B4E-DBBFC73B2AE7}"
EndProject
Project("{FAE04EC0-301F-11D3-BF4B-00C04F79EFBC}") = "LocalApi", "LocalApi\LocalApi.csproj", "{8D2AE1F1-D87A-4F69-8453-FA9F01648665}"
EndProject
Project("{FAE04EC0-301F-11D3-BF4B-00C04F79EFBC}") = "ConsoleApplication1", "ConsoleApplication1\ConsoleApplication1.csproj", "{406CC5C2-4DC1-4B9C-85DA-139338F0A811}"
EndProject
Global
	GlobalSection(SolutionConfigurationPlatforms) = preSolution
		Debug|Any CPU = Debug|Any CPU
		Debug|ARM = Debug|ARM
		Debug|x64 = Debug|x64
		Debug|x86 = Debug|x86
		Release|Any CPU = Release|Any CPU
		Release|ARM = Release|ARM
		Release|x64 = Release|x64
		Release|x86 = Release|x86
	EndGlobalSection
	GlobalSection(ProjectConfigurationPlatforms) = postSolution
		{1A50C497-0996-402C-B610-9FF0E6D56A73}.Debug|Any CPU.ActiveCfg = Debug|Any CPU
		{1A50C497-0996-402C-B610-9FF0E6D56A73}.Debug|Any CPU.Build.0 = Debug|Any CPU
		{1A50C497-0996-402C-B610-9FF0E6D56A73}.Debug|Any CPU.Deploy.0 = Debug|Any CPU
		{1A50C497-0996-402C-B610-9FF0E6D56A73}.Debug|ARM.ActiveCfg = Debug|ARM
		{1A50C497-0996-402C-B610-9FF0E6D56A73}.Debug|ARM.Build.0 = Debug|ARM
		{1A50C497-0996-402C-B610-9FF0E6D56A73}.Debug|ARM.Deploy.0 = Debug|ARM
		{1A50C497-0996-402C-B610-9FF0E6D56A73}.Debug|x64.ActiveCfg = Debug|x64
		{1A50C497-0996-402C-B610-9FF0E6D56A73}.Debug|x64.Build.0 = Debug|x64
		{1A50C497-0996-402C-B610-9FF0E6D56A73}.Debug|x64.Deploy.0 = Debug|x64
		{1A50C497-0996-402C-B610-9FF0E6D56A73}.Debug|x86.ActiveCfg = Debug|x86
		{1A50C497-0996-402C-B610-9FF0E6D56A73}.Debug|x86.Build.0 = Debug|x86
		{1A50C497-0996-402C-B610-9FF0E6D56A73}.Debug|x86.Deploy.0 = Debug|x86
		{1A50C497-0996-402C-B610-9FF0E6D56A73}.Release|Any CPU.ActiveCfg = Release|Any CPU
		{1A50C497-0996-402C-B610-9FF0E6D56A73}.Release|Any CPU.Build.0 = Release|Any CPU
		{1A50C497-0996-402C-B610-9FF0E6D56A73}.Release|Any CPU.Deploy.0 = Release|Any CPU
		{1A50C497-0996-402C-B610-9FF0E6D56A73}.Release|ARM.ActiveCfg = Release|ARM
		{1A50C497-0996-402C-B610-9FF0E6D56A73}.Release|ARM.Build.0 = Release|ARM
		{1A50C497-0996-402C-B610-9FF0E6D56A73}.Release|ARM.Deploy.0 = Release|ARM
		{1A50C497-0996-402C-B610-9FF0E6D56A73}.Release|x64.ActiveCfg = Release|x64
		{1A50C497-0996-402C-B610-9FF0E6D56A73}.Release|x64.Build.0 = Release|x64
		{1A50C497-0996-402C-B610-9FF0E6D56A73}.Release|x64.Deploy.0 = Release|x64
		{1A50C497-0996-402C-B610-9FF0E6D56A73}.Release|x86.ActiveCfg = Release|x86
		{1A50C497-0996-402C-B610-9FF0E6D56A73}.Release|x86.Build.0 = Release|x86
		{1A50C497-0996-402C-B610-9FF0E6D56A73}.Release|x86.Deploy.0 = Release|x86
		{D8CD3E74-8C63-47A7-B140-3636855C6282}.Debug|Any CPU.ActiveCfg = Debug|Any CPU
		{D8CD3E74-8C63-47A7-B140-3636855C6282}.Debug|Any CPU.Build.0 = Debug|Any CPU
		{D8CD3E74-8C63-47A7-B140-3636855C6282}.Debug|ARM.ActiveCfg = Debug|ARM
		{D8CD3E74-8C63-47A7-B140-3636855C6282}.Debug|ARM.Build.0 = Debug|ARM
		{D8CD3E74-8C63-47A7-B140-3636855C6282}.Debug|x64.ActiveCfg = Debug|x64
		{D8CD3E74-8C63-47A7-B140-3636855C6282}.Debug|x64.Build.0 = Debug|x64
		{D8CD3E74-8C63-47A7-B140-3636855C6282}.Debug|x86.ActiveCfg = Debug|x86
		{D8CD3E74-8C63-47A7-B140-3636855C6282}.Debug|x86.Build.0 = Debug|x86
		{D8CD3E74-8C63-47A7-B140-3636855C6282}.Release|Any CPU.ActiveCfg = Release|Any CPU
		{D8CD3E74-8C63-47A7-B140-3636855C6282}.Release|Any CPU.Build.0 = Release|Any CPU
		{D8CD3E74-8C63-47A7-B140-3636855C6282}.Release|ARM.ActiveCfg = Release|ARM
		{D8CD3E74-8C63-47A7-B140-3636855C6282}.Release|ARM.Build.0 = Release|ARM
		{D8CD3E74-8C63-47A7-B140-3636855C6282}.Release|x64.ActiveCfg = Release|x64
		{D8CD3E74-8C63-47A7-B140-3636855C6282}.Release|x64.Build.0 = Release|x64
		{D8CD3E74-8C63-47A7-B140-3636855C6282}.Release|x86.ActiveCfg = Release|x86
		{D8CD3E74-8C63-47A7-B140-3636855C6282}.Release|x86.Build.0 = Release|x86
		{E6AB29A0-ADC0-47CF-8C22-FD023B0DBE08}.Debug|Any CPU.ActiveCfg = Debug|Any CPU
		{E6AB29A0-ADC0-47CF-8C22-FD023B0DBE08}.Debug|Any CPU.Build.0 = Debug|Any CPU
		{E6AB29A0-ADC0-47CF-8C22-FD023B0DBE08}.Debug|ARM.ActiveCfg = Debug|ARM
		{E6AB29A0-ADC0-47CF-8C22-FD023B0DBE08}.Debug|ARM.Build.0 = Debug|ARM
		{E6AB29A0-ADC0-47CF-8C22-FD023B0DBE08}.Debug|x64.ActiveCfg = Debug|x64
		{E6AB29A0-ADC0-47CF-8C22-FD023B0DBE08}.Debug|x64.Build.0 = Debug|x64
		{E6AB29A0-ADC0-47CF-8C22-FD023B0DBE08}.Debug|x86.ActiveCfg = Debug|x86
		{E6AB29A0-ADC0-47CF-8C22-FD023B0DBE08}.Debug|x86.Build.0 = Debug|x86
		{E6AB29A0-ADC0-47CF-8C22-FD023B0DBE08}.Release|Any CPU.ActiveCfg = Release|Any CPU
		{E6AB29A0-ADC0-47CF-8C22-FD023B0DBE08}.Release|Any CPU.Build.0 = Release|Any CPU
		{E6AB29A0-ADC0-47CF-8C22-FD023B0DBE08}.Release|ARM.ActiveCfg = Release|ARM
		{E6AB29A0-ADC0-47CF-8C22-FD023B0DBE08}.Release|ARM.Build.0 = Release|ARM
		{E6AB29A0-ADC0-47CF-8C22-FD023B0DBE08}.Release|x64.ActiveCfg = Release|x64
		{E6AB29A0-ADC0-47CF-8C22-FD023B0DBE08}.Release|x64.Build.0 = Release|x64
		{E6AB29A0-ADC0-47CF-8C22-FD023B0DBE08}.Release|x86.ActiveCfg = Release|x86
		{E6AB29A0-ADC0-47CF-8C22-FD023B0DBE08}.Release|x86.Build.0 = Release|x86
		{ACE7CB91-F3CB-43C0-8E5B-C03F3B91CCC2}.Debug|Any CPU.ActiveCfg = Debug|Any CPU
		{ACE7CB91-F3CB-43C0-8E5B-C03F3B91CCC2}.Debug|Any CPU.Build.0 = Debug|Any CPU
		{ACE7CB91-F3CB-43C0-8E5B-C03F3B91CCC2}.Debug|ARM.ActiveCfg = Debug|ARM
		{ACE7CB91-F3CB-43C0-8E5B-C03F3B91CCC2}.Debug|ARM.Build.0 = Debug|ARM
		{ACE7CB91-F3CB-43C0-8E5B-C03F3B91CCC2}.Debug|x64.ActiveCfg = Debug|x64
		{ACE7CB91-F3CB-43C0-8E5B-C03F3B91CCC2}.Debug|x64.Build.0 = Debug|x64
		{ACE7CB91-F3CB-43C0-8E5B-C03F3B91CCC2}.Debug|x86.ActiveCfg = Debug|x86
		{ACE7CB91-F3CB-43C0-8E5B-C03F3B91CCC2}.Debug|x86.Build.0 = Debug|x86
		{ACE7CB91-F3CB-43C0-8E5B-C03F3B91CCC2}.Release|Any CPU.ActiveCfg = Release|Any CPU
		{ACE7CB91-F3CB-43C0-8E5B-C03F3B91CCC2}.Release|Any CPU.Build.0 = Release|Any CPU
		{ACE7CB91-F3CB-43C0-8E5B-C03F3B91CCC2}.Release|ARM.ActiveCfg = Release|ARM
		{ACE7CB91-F3CB-43C0-8E5B-C03F3B91CCC2}.Release|ARM.Build.0 = Release|ARM
		{ACE7CB91-F3CB-43C0-8E5B-C03F3B91CCC2}.Release|x64.ActiveCfg = Release|x64
		{ACE7CB91-F3CB-43C0-8E5B-C03F3B91CCC2}.Release|x64.Build.0 = Release|x64
		{ACE7CB91-F3CB-43C0-8E5B-C03F3B91CCC2}.Release|x86.ActiveCfg = Release|x86
		{ACE7CB91-F3CB-43C0-8E5B-C03F3B91CCC2}.Release|x86.Build.0 = Release|x86
		{75F686D4-8E76-4A89-9E04-C14CD1490DD8}.Debug|Any CPU.ActiveCfg = Debug|Any CPU
		{75F686D4-8E76-4A89-9E04-C14CD1490DD8}.Debug|Any CPU.Build.0 = Debug|Any CPU
		{75F686D4-8E76-4A89-9E04-C14CD1490DD8}.Debug|Any CPU.Deploy.0 = Debug|Any CPU
		{75F686D4-8E76-4A89-9E04-C14CD1490DD8}.Debug|ARM.ActiveCfg = Debug|ARM
		{75F686D4-8E76-4A89-9E04-C14CD1490DD8}.Debug|ARM.Build.0 = Debug|ARM
		{75F686D4-8E76-4A89-9E04-C14CD1490DD8}.Debug|ARM.Deploy.0 = Debug|ARM
		{75F686D4-8E76-4A89-9E04-C14CD1490DD8}.Debug|x64.ActiveCfg = Debug|x64
		{75F686D4-8E76-4A89-9E04-C14CD1490DD8}.Debug|x64.Build.0 = Debug|x64
		{75F686D4-8E76-4A89-9E04-C14CD1490DD8}.Debug|x64.Deploy.0 = Debug|x64
		{75F686D4-8E76-4A89-9E04-C14CD1490DD8}.Debug|x86.ActiveCfg = Debug|x86
		{75F686D4-8E76-4A89-9E04-C14CD1490DD8}.Debug|x86.Build.0 = Debug|x86
		{75F686D4-8E76-4A89-9E04-C14CD1490DD8}.Debug|x86.Deploy.0 = Debug|x86
		{75F686D4-8E76-4A89-9E04-C14CD1490DD8}.Release|Any CPU.ActiveCfg = Release|Any CPU
		{75F686D4-8E76-4A89-9E04-C14CD1490DD8}.Release|Any CPU.Build.0 = Release|Any CPU
		{75F686D4-8E76-4A89-9E04-C14CD1490DD8}.Release|Any CPU.Deploy.0 = Release|Any CPU
		{75F686D4-8E76-4A89-9E04-C14CD1490DD8}.Release|ARM.ActiveCfg = Release|ARM
		{75F686D4-8E76-4A89-9E04-C14CD1490DD8}.Release|ARM.Build.0 = Release|ARM
		{75F686D4-8E76-4A89-9E04-C14CD1490DD8}.Release|ARM.Deploy.0 = Release|ARM
		{75F686D4-8E76-4A89-9E04-C14CD1490DD8}.Release|x64.ActiveCfg = Release|x64
		{75F686D4-8E76-4A89-9E04-C14CD1490DD8}.Release|x64.Build.0 = Release|x64
		{75F686D4-8E76-4A89-9E04-C14CD1490DD8}.Release|x64.Deploy.0 = Release|x64
		{75F686D4-8E76-4A89-9E04-C14CD1490DD8}.Release|x86.ActiveCfg = Release|x86
		{75F686D4-8E76-4A89-9E04-C14CD1490DD8}.Release|x86.Build.0 = Release|x86
		{75F686D4-8E76-4A89-9E04-C14CD1490DD8}.Release|x86.Deploy.0 = Release|x86
		{81AB8068-19E4-49F3-8B4E-DBBFC73B2AE7}.Debug|Any CPU.ActiveCfg = Debug|Any CPU
		{81AB8068-19E4-49F3-8B4E-DBBFC73B2AE7}.Debug|Any CPU.Build.0 = Debug|Any CPU
		{81AB8068-19E4-49F3-8B4E-DBBFC73B2AE7}.Debug|Any CPU.Deploy.0 = Debug|Any CPU
		{81AB8068-19E4-49F3-8B4E-DBBFC73B2AE7}.Debug|ARM.ActiveCfg = Debug|ARM
		{81AB8068-19E4-49F3-8B4E-DBBFC73B2AE7}.Debug|ARM.Build.0 = Debug|ARM
		{81AB8068-19E4-49F3-8B4E-DBBFC73B2AE7}.Debug|ARM.Deploy.0 = Debug|ARM
		{81AB8068-19E4-49F3-8B4E-DBBFC73B2AE7}.Debug|x64.ActiveCfg = Debug|x64
		{81AB8068-19E4-49F3-8B4E-DBBFC73B2AE7}.Debug|x64.Build.0 = Debug|x64
		{81AB8068-19E4-49F3-8B4E-DBBFC73B2AE7}.Debug|x64.Deploy.0 = Debug|x64
		{81AB8068-19E4-49F3-8B4E-DBBFC73B2AE7}.Debug|x86.ActiveCfg = Debug|x86
		{81AB8068-19E4-49F3-8B4E-DBBFC73B2AE7}.Debug|x86.Build.0 = Debug|x86
		{81AB8068-19E4-49F3-8B4E-DBBFC73B2AE7}.Debug|x86.Deploy.0 = Debug|x86
		{81AB8068-19E4-49F3-8B4E-DBBFC73B2AE7}.Release|Any CPU.ActiveCfg = Release|Any CPU
		{81AB8068-19E4-49F3-8B4E-DBBFC73B2AE7}.Release|Any CPU.Build.0 = Release|Any CPU
		{81AB8068-19E4-49F3-8B4E-DBBFC73B2AE7}.Release|Any CPU.Deploy.0 = Release|Any CPU
		{81AB8068-19E4-49F3-8B4E-DBBFC73B2AE7}.Release|ARM.ActiveCfg = Release|ARM
		{81AB8068-19E4-49F3-8B4E-DBBFC73B2AE7}.Release|ARM.Build.0 = Release|ARM
		{81AB8068-19E4-49F3-8B4E-DBBFC73B2AE7}.Release|ARM.Deploy.0 = Release|ARM
		{81AB8068-19E4-49F3-8B4E-DBBFC73B2AE7}.Release|x64.ActiveCfg = Release|x64
		{81AB8068-19E4-49F3-8B4E-DBBFC73B2AE7}.Release|x64.Build.0 = Release|x64
		{81AB8068-19E4-49F3-8B4E-DBBFC73B2AE7}.Release|x64.Deploy.0 = Release|x64
		{81AB8068-19E4-49F3-8B4E-DBBFC73B2AE7}.Release|x86.ActiveCfg = Release|x86
		{81AB8068-19E4-49F3-8B4E-DBBFC73B2AE7}.Release|x86.Build.0 = Release|x86
		{81AB8068-19E4-49F3-8B4E-DBBFC73B2AE7}.Release|x86.Deploy.0 = Release|x86
		{8D2AE1F1-D87A-4F69-8453-FA9F01648665}.Debug|Any CPU.ActiveCfg = Debug|Any CPU
		{8D2AE1F1-D87A-4F69-8453-FA9F01648665}.Debug|Any CPU.Build.0 = Debug|Any CPU
		{8D2AE1F1-D87A-4F69-8453-FA9F01648665}.Debug|ARM.ActiveCfg = Debug|Any CPU
		{8D2AE1F1-D87A-4F69-8453-FA9F01648665}.Debug|x64.ActiveCfg = Debug|Any CPU
		{8D2AE1F1-D87A-4F69-8453-FA9F01648665}.Debug|x86.ActiveCfg = Debug|Any CPU
		{8D2AE1F1-D87A-4F69-8453-FA9F01648665}.Release|Any CPU.ActiveCfg = Release|Any CPU
		{8D2AE1F1-D87A-4F69-8453-FA9F01648665}.Release|Any CPU.Build.0 = Release|Any CPU
		{8D2AE1F1-D87A-4F69-8453-FA9F01648665}.Release|ARM.ActiveCfg = Release|Any CPU
		{8D2AE1F1-D87A-4F69-8453-FA9F01648665}.Release|x64.ActiveCfg = Release|Any CPU
		{8D2AE1F1-D87A-4F69-8453-FA9F01648665}.Release|x86.ActiveCfg = Release|Any CPU
		{406CC5C2-4DC1-4B9C-85DA-139338F0A811}.Debug|Any CPU.ActiveCfg = Debug|Any CPU
		{406CC5C2-4DC1-4B9C-85DA-139338F0A811}.Debug|Any CPU.Build.0 = Debug|Any CPU
		{406CC5C2-4DC1-4B9C-85DA-139338F0A811}.Debug|ARM.ActiveCfg = Debug|Any CPU
		{406CC5C2-4DC1-4B9C-85DA-139338F0A811}.Debug|x64.ActiveCfg = Debug|Any CPU
		{406CC5C2-4DC1-4B9C-85DA-139338F0A811}.Debug|x86.ActiveCfg = Debug|Any CPU
		{406CC5C2-4DC1-4B9C-85DA-139338F0A811}.Release|Any CPU.ActiveCfg = Release|Any CPU
		{406CC5C2-4DC1-4B9C-85DA-139338F0A811}.Release|Any CPU.Build.0 = Release|Any CPU
		{406CC5C2-4DC1-4B9C-85DA-139338F0A811}.Release|ARM.ActiveCfg = Release|Any CPU
		{406CC5C2-4DC1-4B9C-85DA-139338F0A811}.Release|x64.ActiveCfg = Release|Any CPU
		{406CC5C2-4DC1-4B9C-85DA-139338F0A811}.Release|x86.ActiveCfg = Release|Any CPU
	EndGlobalSection
	GlobalSection(SolutionProperties) = preSolution
		HideSolutionNode = FALSE
	EndGlobalSection
EndGlobal
